
Microsoft Visual Studio Solution File, Format Version 12.00
# Visual Studio 2012
Project("{FAE04EC0-301F-11D3-BF4B-00C04F79EFBC}") = "MetronomeApp", "MetronomeApp\MetronomeApp.csproj", "{9200F876-C2D0-42D4-8F10-BAA54FFFED5C}"
EndProject
Project("{FAE04EC0-301F-11D3-BF4B-00C04F79EFBC}") = "MetronomeApp.Droid", "Droid\MetronomeApp.Droid.csproj", "{51BBF345-35FA-475C-A6B6-49CB10EEBD31}"
EndProject
Project("{FAE04EC0-301F-11D3-BF4B-00C04F79EFBC}") = "MetronomeApp.UITests", "UITests\MetronomeApp.UITests.csproj", "{D87648C1-CA7F-4CAA-897F-2570814935E2}"
EndProject
Global
	GlobalSection(SolutionConfigurationPlatforms) = preSolution
		Debug|Any CPU = Debug|Any CPU
		Release|Any CPU = Release|Any CPU
	EndGlobalSection
	GlobalSection(ProjectConfigurationPlatforms) = postSolution
		{51BBF345-35FA-475C-A6B6-49CB10EEBD31}.Debug|Any CPU.ActiveCfg = Debug|Any CPU
		{51BBF345-35FA-475C-A6B6-49CB10EEBD31}.Debug|Any CPU.Build.0 = Debug|Any CPU
		{51BBF345-35FA-475C-A6B6-49CB10EEBD31}.Release|Any CPU.ActiveCfg = Release|Any CPU
		{51BBF345-35FA-475C-A6B6-49CB10EEBD31}.Release|Any CPU.Build.0 = Release|Any CPU
		{9200F876-C2D0-42D4-8F10-BAA54FFFED5C}.Debug|Any CPU.ActiveCfg = Debug|Any CPU
		{9200F876-C2D0-42D4-8F10-BAA54FFFED5C}.Debug|Any CPU.Build.0 = Debug|Any CPU
		{9200F876-C2D0-42D4-8F10-BAA54FFFED5C}.Release|Any CPU.ActiveCfg = Release|Any CPU
		{9200F876-C2D0-42D4-8F10-BAA54FFFED5C}.Release|Any CPU.Build.0 = Release|Any CPU
		{D87648C1-CA7F-4CAA-897F-2570814935E2}.Debug|Any CPU.ActiveCfg = Debug|Any CPU
		{D87648C1-CA7F-4CAA-897F-2570814935E2}.Debug|Any CPU.Build.0 = Debug|Any CPU
		{D87648C1-CA7F-4CAA-897F-2570814935E2}.Release|Any CPU.ActiveCfg = Release|Any CPU
		{D87648C1-CA7F-4CAA-897F-2570814935E2}.Release|Any CPU.Build.0 = Release|Any CPU
	EndGlobalSection
EndGlobal
